{
  "object": {
    "pins": [
      {
        "package": "Realm",
        "repositoryURL": "https://github.com/realm/realm-cocoa.git",
        "state": {
          "branch": null,
          "revision": "328425bfc372ce77ec1f4f2701f61ececbb97d84",
          "version": "10.19.0"
        }
      },
      {
        "package": "RealmDatabase",
        "repositoryURL": "https://github.com/realm/realm-core",
        "state": {
          "branch": null,
          "revision": "b170db6a47789ff5f2fbc3eeed0220b4b0a3f6b7",
          "version": "11.6.0"
        }
      },
      {
        "package": "SDWebImage",
        "repositoryURL": "https://github.com/SDWebImage/SDWebImage.git",
        "state": {
          "branch": null,
          "revision": "a72df4849408da7e5d3c1b586797b7c601c41d1b",
          "version": "5.12.1"
        }
      },
      {
        "package": "SDWebImageSwiftUI",
        "repositoryURL": "https://github.com/SDWebImage/SDWebImageSwiftUI.git",
        "state": {
          "branch": null,
          "revision": "cd8625b7cf11a97698e180d28bb7d5d357196678",
          "version": "2.0.2"
        }
      }
    ]
  },
  "version": 1
}
