// !$*UTF8*$!
{
	archiveVersion = 1;
	classes = {
	};
	objectVersion = 52;
	objects = {

/* Begin PBXBuildFile section */
		B43B6E82274228B200A1007E /* Realm in Frameworks */ = {isa = PBXBuildFile; productRef = B43B6E81274228B200A1007E /* Realm */; };
		B43B6E84274228B200A1007E /* RealmSwift in Frameworks */ = {isa = PBXBuildFile; productRef = B43B6E83274228B200A1007E /* RealmSwift */; };
		B43B6E862742291E00A1007E /* PhotosViewModel.swift in Sources */ = {isa = PBXBuildFile; fileRef = B43B6E852742291E00A1007E /* PhotosViewModel.swift */; };
		B43B6E89274229A000A1007E /* Photos.swift in Sources */ = {isa = PBXBuildFile; fileRef = B43B6E88274229A000A1007E /* Photos.swift */; };
		B43B6E8C27425D8B00A1007E /* FavouriteModelData.swift in Sources */ = {isa = PBXBuildFile; fileRef = B43B6E8B27425D8B00A1007E /* FavouriteModelData.swift */; };
		B4B9CCE0274141B90022BEB4 /* PhotosAppApp.swift in Sources */ = {isa = PBXBuildFile; fileRef = B4B9CCDF274141B90022BEB4 /* PhotosAppApp.swift */; };
		B4B9CCE2274141B90022BEB4 /* ContentView.swift in Sources */ = {isa = PBXBuildFile; fileRef = B4B9CCE1274141B90022BEB4 /* ContentView.swift */; };
		B4B9CCE4274141BC0022BEB4 /* Assets.xcassets in Resources */ = {isa = PBXBuildFile; fileRef = B4B9CCE3274141BC0022BEB4 /* Assets.xcassets */; };
		B4B9CCE7274141BC0022BEB4 /* Preview Assets.xcassets in Resources */ = {isa = PBXBuildFile; fileRef = B4B9CCE6274141BC0022BEB4 /* Preview Assets.xcassets */; };
		B4B9CCEF2741439E0022BEB4 /* Home.swift in Sources */ = {isa = PBXBuildFile; fileRef = B4B9CCEE2741439E0022BEB4 /* Home.swift */; };
		B4B9CCF327415ACE0022BEB4 /* ErrorType.swift in Sources */ = {isa = PBXBuildFile; fileRef = B4B9CCF227415ACE0022BEB4 /* ErrorType.swift */; };
		B4B9CCF6274172EF0022BEB4 /* Extensions.swift in Sources */ = {isa = PBXBuildFile; fileRef = B4B9CCF5274172EF0022BEB4 /* Extensions.swift */; };
		B4B9CCF8274177880022BEB4 /* NetworkManager.swift in Sources */ = {isa = PBXBuildFile; fileRef = B4B9CCF7274177880022BEB4 /* NetworkManager.swift */; };
		B4B9CCFA274178000022BEB4 /* Contants.swift in Sources */ = {isa = PBXBuildFile; fileRef = B4B9CCF9274178000022BEB4 /* Contants.swift */; };
		B4B9CCFC2741884F0022BEB4 /* PhotosModelData.swift in Sources */ = {isa = PBXBuildFile; fileRef = B4B9CCFB2741884F0022BEB4 /* PhotosModelData.swift */; };
		B4B9CCFF2741A2FF0022BEB4 /* PhotoView.swift in Sources */ = {isa = PBXBuildFile; fileRef = B4B9CCFE2741A2FE0022BEB4 /* PhotoView.swift */; };
		B4B9CD042741C23A0022BEB4 /* FavouritesView.swift in Sources */ = {isa = PBXBuildFile; fileRef = B4B9CD032741C23A0022BEB4 /* FavouritesView.swift */; };
		B4B9CD0C2741CBF10022BEB4 /* PhotosDB.swift in Sources */ = {isa = PBXBuildFile; fileRef = B4B9CD0B2741CBF10022BEB4 /* PhotosDB.swift */; };
		B4B9CD0F2741DA150022BEB4 /* RealmManager.swift in Sources */ = {isa = PBXBuildFile; fileRef = B4B9CD0E2741DA140022BEB4 /* RealmManager.swift */; };
		B4B9CD172741E4990022BEB4 /* SDWebImageSwiftUI in Frameworks */ = {isa = PBXBuildFile; productRef = B4B9CD162741E4990022BEB4 /* SDWebImageSwiftUI */; };
/* End PBXBuildFile section */

/* Begin PBXFileReference section */
		B43B6E852742291E00A1007E /* PhotosViewModel.swift */ = {isa = PBXFileReference; fileEncoding = 4; lastKnownFileType = sourcecode.swift; name = PhotosViewModel.swift; path = PhotosApp/ViewModel/PhotosViewModel.swift; sourceTree = SOURCE_ROOT; };
		B43B6E88274229A000A1007E /* Photos.swift */ = {isa = PBXFileReference; fileEncoding = 4; lastKnownFileType = sourcecode.swift; path = Photos.swift; sourceTree = "<group>"; };
		B43B6E8B27425D8B00A1007E /* FavouriteModelData.swift */ = {isa = PBXFileReference; lastKnownFileType = sourcecode.swift; path = FavouriteModelData.swift; sourceTree = "<group>"; };
		B4B9CCDC274141B90022BEB4 /* PhotosApp.app */ = {isa = PBXFileReference; explicitFileType = wrapper.application; includeInIndex = 0; path = PhotosApp.app; sourceTree = BUILT_PRODUCTS_DIR; };
		B4B9CCDF274141B90022BEB4 /* PhotosAppApp.swift */ = {isa = PBXFileReference; lastKnownFileType = sourcecode.swift; path = PhotosAppApp.swift; sourceTree = "<group>"; };
		B4B9CCE1274141B90022BEB4 /* ContentView.swift */ = {isa = PBXFileReference; lastKnownFileType = sourcecode.swift; path = ContentView.swift; sourceTree = "<group>"; };
		B4B9CCE3274141BC0022BEB4 /* Assets.xcassets */ = {isa = PBXFileReference; lastKnownFileType = folder.assetcatalog; path = Assets.xcassets; sourceTree = "<group>"; };
		B4B9CCE6274141BC0022BEB4 /* Preview Assets.xcassets */ = {isa = PBXFileReference; lastKnownFileType = folder.assetcatalog; path = "Preview Assets.xcassets"; sourceTree = "<group>"; };
		B4B9CCE8274141BC0022BEB4 /* Info.plist */ = {isa = PBXFileReference; lastKnownFileType = text.plist.xml; path = Info.plist; sourceTree = "<group>"; };
		B4B9CCEE2741439E0022BEB4 /* Home.swift */ = {isa = PBXFileReference; lastKnownFileType = sourcecode.swift; path = Home.swift; sourceTree = "<group>"; };
		B4B9CCF227415ACE0022BEB4 /* ErrorType.swift */ = {isa = PBXFileReference; lastKnownFileType = sourcecode.swift; path = ErrorType.swift; sourceTree = "<group>"; };
		B4B9CCF5274172EF0022BEB4 /* Extensions.swift */ = {isa = PBXFileReference; lastKnownFileType = sourcecode.swift; path = Extensions.swift; sourceTree = "<group>"; };
		B4B9CCF7274177880022BEB4 /* NetworkManager.swift */ = {isa = PBXFileReference; lastKnownFileType = sourcecode.swift; path = NetworkManager.swift; sourceTree = "<group>"; };
		B4B9CCF9274178000022BEB4 /* Contants.swift */ = {isa = PBXFileReference; lastKnownFileType = sourcecode.swift; path = Contants.swift; sourceTree = "<group>"; };
		B4B9CCFB2741884F0022BEB4 /* PhotosModelData.swift */ = {isa = PBXFileReference; lastKnownFileType = sourcecode.swift; path = PhotosModelData.swift; sourceTree = "<group>"; };
		B4B9CCFE2741A2FE0022BEB4 /* PhotoView.swift */ = {isa = PBXFileReference; lastKnownFileType = sourcecode.swift; path = PhotoView.swift; sourceTree = "<group>"; };
		B4B9CD032741C23A0022BEB4 /* FavouritesView.swift */ = {isa = PBXFileReference; lastKnownFileType = sourcecode.swift; path = FavouritesView.swift; sourceTree = "<group>"; };
		B4B9CD0B2741CBF10022BEB4 /* PhotosDB.swift */ = {isa = PBXFileReference; lastKnownFileType = sourcecode.swift; path = PhotosDB.swift; sourceTree = "<group>"; };
		B4B9CD0E2741DA140022BEB4 /* RealmManager.swift */ = {isa = PBXFileReference; lastKnownFileType = sourcecode.swift; path = RealmManager.swift; sourceTree = "<group>"; };
/* End PBXFileReference section */

/* Begin PBXFrameworksBuildPhase section */
		B4B9CCD9274141B90022BEB4 /* Frameworks */ = {
			isa = PBXFrameworksBuildPhase;
			buildActionMask = 2147483647;
			files = (
				B43B6E84274228B200A1007E /* RealmSwift in Frameworks */,
				B43B6E82274228B200A1007E /* Realm in Frameworks */,
				B4B9CD172741E4990022BEB4 /* SDWebImageSwiftUI in Frameworks */,
			);
			runOnlyForDeploymentPostprocessing = 0;
		};
/* End PBXFrameworksBuildPhase section */

/* Begin PBXGroup section */
		B43B6E87274229A000A1007E /* Model */ = {
			isa = PBXGroup;
			children = (
				B43B6E88274229A000A1007E /* Photos.swift */,
			);
			name = Model;
			path = PhotosApp/Model;
			sourceTree = SOURCE_ROOT;
		};
		B43B6E8A2742577C00A1007E /* ViewModel */ = {
			isa = PBXGroup;
			children = (
				B4B9CCFB2741884F0022BEB4 /* PhotosModelData.swift */,
				B43B6E8B27425D8B00A1007E /* FavouriteModelData.swift */,
				B43B6E852742291E00A1007E /* PhotosViewModel.swift */,
			);
			path = ViewModel;
			sourceTree = "<group>";
		};
		B4B9CCD3274141B90022BEB4 = {
			isa = PBXGroup;
			children = (
				B4B9CCDE274141B90022BEB4 /* PhotosApp */,
				B4B9CCDD274141B90022BEB4 /* Products */,
			);
			sourceTree = "<group>";
		};
		B4B9CCDD274141B90022BEB4 /* Products */ = {
			isa = PBXGroup;
			children = (
				B4B9CCDC274141B90022BEB4 /* PhotosApp.app */,
			);
			name = Products;
			sourceTree = "<group>";
		};
		B4B9CCDE274141B90022BEB4 /* PhotosApp */ = {
			isa = PBXGroup;
			children = (
				B4B9CCDF274141B90022BEB4 /* PhotosAppApp.swift */,
				B4B9CCFD2741A2E40022BEB4 /* Views */,
				B43B6E87274229A000A1007E /* Model */,
				B43B6E8A2742577C00A1007E /* ViewModel */,
				B4B9CD0D2741D9F50022BEB4 /* RealmManager */,
				B4B9CCF4274172E10022BEB4 /* Resources */,
				B4B9CCF227415ACE0022BEB4 /* ErrorType.swift */,
				B4B9CCE3274141BC0022BEB4 /* Assets.xcassets */,
				B4B9CCE8274141BC0022BEB4 /* Info.plist */,
				B4B9CCE5274141BC0022BEB4 /* Preview Content */,
			);
			path = PhotosApp;
			sourceTree = "<group>";
		};
		B4B9CCE5274141BC0022BEB4 /* Preview Content */ = {
			isa = PBXGroup;
			children = (
				B4B9CCE6274141BC0022BEB4 /* Preview Assets.xcassets */,
			);
			path = "Preview Content";
			sourceTree = "<group>";
		};
		B4B9CCF4274172E10022BEB4 /* Resources */ = {
			isa = PBXGroup;
			children = (
				B4B9CCF5274172EF0022BEB4 /* Extensions.swift */,
				B4B9CCF9274178000022BEB4 /* Contants.swift */,
				B4B9CCF7274177880022BEB4 /* NetworkManager.swift */,
			);
			path = Resources;
			sourceTree = "<group>";
		};
		B4B9CCFD2741A2E40022BEB4 /* Views */ = {
			isa = PBXGroup;
			children = (
				B4B9CCE1274141B90022BEB4 /* ContentView.swift */,
				B4B9CCEE2741439E0022BEB4 /* Home.swift */,
				B4B9CCFE2741A2FE0022BEB4 /* PhotoView.swift */,
				B4B9CD032741C23A0022BEB4 /* FavouritesView.swift */,
			);
			path = Views;
			sourceTree = "<group>";
		};
		B4B9CD0D2741D9F50022BEB4 /* RealmManager */ = {
			isa = PBXGroup;
			children = (
				B4B9CD0E2741DA140022BEB4 /* RealmManager.swift */,
				B4B9CD122741DD6F0022BEB4 /* RealmDatabase */,
			);
			path = RealmManager;
			sourceTree = "<group>";
		};
		B4B9CD122741DD6F0022BEB4 /* RealmDatabase */ = {
			isa = PBXGroup;
			children = (
				B4B9CD0B2741CBF10022BEB4 /* PhotosDB.swift */,
			);
			path = RealmDatabase;
			sourceTree = "<group>";
		};
/* End PBXGroup section */

/* Begin PBXNativeTarget section */
		B4B9CCDB274141B90022BEB4 /* PhotosApp */ = {
			isa = PBXNativeTarget;
			buildConfigurationList = B4B9CCEB274141BC0022BEB4 /* Build configuration list for PBXNativeTarget "PhotosApp" */;
			buildPhases = (
				B4B9CCD8274141B90022BEB4 /* Sources */,
				B4B9CCD9274141B90022BEB4 /* Frameworks */,
				B4B9CCDA274141B90022BEB4 /* Resources */,
			);
			buildRules = (
			);
			dependencies = (
			);
			name = PhotosApp;
			packageProductDependencies = (
				B4B9CD162741E4990022BEB4 /* SDWebImageSwiftUI */,
				B43B6E81274228B200A1007E /* Realm */,
				B43B6E83274228B200A1007E /* RealmSwift */,
			);
			productName = PhotosApp;
			productReference = B4B9CCDC274141B90022BEB4 /* PhotosApp.app */;
			productType = "com.apple.product-type.application";
		};
/* End PBXNativeTarget section */

/* Begin PBXProject section */
		B4B9CCD4274141B90022BEB4 /* Project object */ = {
			isa = PBXProject;
			attributes = {
				LastSwiftUpdateCheck = 1250;
				LastUpgradeCheck = 1250;
				TargetAttributes = {
					B4B9CCDB274141B90022BEB4 = {
						CreatedOnToolsVersion = 12.5.1;
					};
				};
			};
			buildConfigurationList = B4B9CCD7274141B90022BEB4 /* Build configuration list for PBXProject "PhotosApp" */;
			compatibilityVersion = "Xcode 9.3";
			developmentRegion = en;
			hasScannedForEncodings = 0;
			knownRegions = (
				en,
				Base,
			);
			mainGroup = B4B9CCD3274141B90022BEB4;
			packageReferences = (
				B4B9CD152741E4990022BEB4 /* XCRemoteSwiftPackageReference "SDWebImageSwiftUI" */,
				B43B6E80274228B200A1007E /* XCRemoteSwiftPackageReference "realm-cocoa" */,
			);
			productRefGroup = B4B9CCDD274141B90022BEB4 /* Products */;
			projectDirPath = "";
			projectRoot = "";
			targets = (
				B4B9CCDB274141B90022BEB4 /* PhotosApp */,
			);
		};
/* End PBXProject section */

/* Begin PBXResourcesBuildPhase section */
		B4B9CCDA274141B90022BEB4 /* Resources */ = {
			isa = PBXResourcesBuildPhase;
			buildActionMask = 2147483647;
			files = (
				B4B9CCE7274141BC0022BEB4 /* Preview Assets.xcassets in Resources */,
				B4B9CCE4274141BC0022BEB4 /* Assets.xcassets in Resources */,
			);
			runOnlyForDeploymentPostprocessing = 0;
		};
/* End PBXResourcesBuildPhase section */

/* Begin PBXSourcesBuildPhase section */
		B4B9CCD8274141B90022BEB4 /* Sources */ = {
			isa = PBXSourcesBuildPhase;
			buildActionMask = 2147483647;
			files = (
				B4B9CD0F2741DA150022BEB4 /* RealmManager.swift in Sources */,
				B4B9CCE2274141B90022BEB4 /* ContentView.swift in Sources */,
				B4B9CCF6274172EF0022BEB4 /* Extensions.swift in Sources */,
				B4B9CCF327415ACE0022BEB4 /* ErrorType.swift in Sources */,
				B4B9CCFF2741A2FF0022BEB4 /* PhotoView.swift in Sources */,
				B43B6E862742291E00A1007E /* PhotosViewModel.swift in Sources */,
				B43B6E8C27425D8B00A1007E /* FavouriteModelData.swift in Sources */,
				B43B6E89274229A000A1007E /* Photos.swift in Sources */,
				B4B9CCFA274178000022BEB4 /* Contants.swift in Sources */,
				B4B9CD042741C23A0022BEB4 /* FavouritesView.swift in Sources */,
				B4B9CCF8274177880022BEB4 /* NetworkManager.swift in Sources */,
				B4B9CCEF2741439E0022BEB4 /* Home.swift in Sources */,
				B4B9CCFC2741884F0022BEB4 /* PhotosModelData.swift in Sources */,
				B4B9CD0C2741CBF10022BEB4 /* PhotosDB.swift in Sources */,
				B4B9CCE0274141B90022BEB4 /* PhotosAppApp.swift in Sources */,
			);
			runOnlyForDeploymentPostprocessing = 0;
		};
/* End PBXSourcesBuildPhase section */

/* Begin XCBuildConfiguration section */
		B4B9CCE9274141BC0022BEB4 /* Debug */ = {
			isa = XCBuildConfiguration;
			buildSettings = {
				ALWAYS_SEARCH_USER_PATHS = NO;
				CLANG_ANALYZER_NONNULL = YES;
				CLANG_ANALYZER_NUMBER_OBJECT_CONVERSION = YES_AGGRESSIVE;
				CLANG_CXX_LANGUAGE_STANDARD = "gnu++14";
				CLANG_CXX_LIBRARY = "libc++";
				CLANG_ENABLE_MODULES = YES;
				CLANG_ENABLE_OBJC_ARC = YES;
				CLANG_ENABLE_OBJC_WEAK = YES;
				CLANG_WARN_BLOCK_CAPTURE_AUTORELEASING = YES;
				CLANG_WARN_BOOL_CONVERSION = YES;
				CLANG_WARN_COMMA = YES;
				CLANG_WARN_CONSTANT_CONVERSION = YES;
				CLANG_WARN_DEPRECATED_OBJC_IMPLEMENTATIONS = YES;
				CLANG_WARN_DIRECT_OBJC_ISA_USAGE = YES_ERROR;
				CLANG_WARN_DOCUMENTATION_COMMENTS = YES;
				CLANG_WARN_EMPTY_BODY = YES;
				CLANG_WARN_ENUM_CONVERSION = YES;
				CLANG_WARN_INFINITE_RECURSION = YES;
				CLANG_WARN_INT_CONVERSION = YES;
				CLANG_WARN_NON_LITERAL_NULL_CONVERSION = YES;
				CLANG_WARN_OBJC_IMPLICIT_RETAIN_SELF = YES;
				CLANG_WARN_OBJC_LITERAL_CONVERSION = YES;
				CLANG_WARN_OBJC_ROOT_CLASS = YES_ERROR;
				CLANG_WARN_QUOTED_INCLUDE_IN_FRAMEWORK_HEADER = YES;
				CLANG_WARN_RANGE_LOOP_ANALYSIS = YES;
				CLANG_WARN_STRICT_PROTOTYPES = YES;
				CLANG_WARN_SUSPICIOUS_MOVE = YES;
				CLANG_WARN_UNGUARDED_AVAILABILITY = YES_AGGRESSIVE;
				CLANG_WARN_UNREACHABLE_CODE = YES;
				CLANG_WARN__DUPLICATE_METHOD_MATCH = YES;
				COPY_PHASE_STRIP = NO;
				DEBUG_INFORMATION_FORMAT = dwarf;
				ENABLE_STRICT_OBJC_MSGSEND = YES;
				ENABLE_TESTABILITY = YES;
				GCC_C_LANGUAGE_STANDARD = gnu11;
				GCC_DYNAMIC_NO_PIC = NO;
				GCC_NO_COMMON_BLOCKS = YES;
				GCC_OPTIMIZATION_LEVEL = 0;
				GCC_PREPROCESSOR_DEFINITIONS = (
					"DEBUG=1",
					"$(inherited)",
				);
				GCC_WARN_64_TO_32_BIT_CONVERSION = YES;
				GCC_WARN_ABOUT_RETURN_TYPE = YES_ERROR;
				GCC_WARN_UNDECLARED_SELECTOR = YES;
				GCC_WARN_UNINITIALIZED_AUTOS = YES_AGGRESSIVE;
				GCC_WARN_UNUSED_FUNCTION = YES;
				GCC_WARN_UNUSED_VARIABLE = YES;
				IPHONEOS_DEPLOYMENT_TARGET = 14.5;
				MTL_ENABLE_DEBUG_INFO = INCLUDE_SOURCE;
				MTL_FAST_MATH = YES;
				ONLY_ACTIVE_ARCH = YES;
				SDKROOT = iphoneos;
				SWIFT_ACTIVE_COMPILATION_CONDITIONS = DEBUG;
				SWIFT_OPTIMIZATION_LEVEL = "-Onone";
			};
			name = Debug;
		};
		B4B9CCEA274141BC0022BEB4 /* Release */ = {
			isa = XCBuildConfiguration;
			buildSettings = {
				ALWAYS_SEARCH_USER_PATHS = NO;
				CLANG_ANALYZER_NONNULL = YES;
				CLANG_ANALYZER_NUMBER_OBJECT_CONVERSION = YES_AGGRESSIVE;
				CLANG_CXX_LANGUAGE_STANDARD = "gnu++14";
				CLANG_CXX_LIBRARY = "libc++";
				CLANG_ENABLE_MODULES = YES;
				CLANG_ENABLE_OBJC_ARC = YES;
				CLANG_ENABLE_OBJC_WEAK = YES;
				CLANG_WARN_BLOCK_CAPTURE_AUTORELEASING = YES;
				CLANG_WARN_BOOL_CONVERSION = YES;
				CLANG_WARN_COMMA = YES;
				CLANG_WARN_CONSTANT_CONVERSION = YES;
				CLANG_WARN_DEPRECATED_OBJC_IMPLEMENTATIONS = YES;
				CLANG_WARN_DIRECT_OBJC_ISA_USAGE = YES_ERROR;
				CLANG_WARN_DOCUMENTATION_COMMENTS = YES;
				CLANG_WARN_EMPTY_BODY = YES;
				CLANG_WARN_ENUM_CONVERSION = YES;
				CLANG_WARN_INFINITE_RECURSION = YES;
				CLANG_WARN_INT_CONVERSION = YES;
				CLANG_WARN_NON_LITERAL_NULL_CONVERSION = YES;
				CLANG_WARN_OBJC_IMPLICIT_RETAIN_SELF = YES;
				CLANG_WARN_OBJC_LITERAL_CONVERSION = YES;
				CLANG_WARN_OBJC_ROOT_CLASS = YES_ERROR;
				CLANG_WARN_QUOTED_INCLUDE_IN_FRAMEWORK_HEADER = YES;
				CLANG_WARN_RANGE_LOOP_ANALYSIS = YES;
				CLANG_WARN_STRICT_PROTOTYPES = YES;
				CLANG_WARN_SUSPICIOUS_MOVE = YES;
				CLANG_WARN_UNGUARDED_AVAILABILITY = YES_AGGRESSIVE;
				CLANG_WARN_UNREACHABLE_CODE = YES;
				CLANG_WARN__DUPLICATE_METHOD_MATCH = YES;
				COPY_PHASE_STRIP = NO;
				DEBUG_INFORMATION_FORMAT = "dwarf-with-dsym";
				ENABLE_NS_ASSERTIONS = NO;
				ENABLE_STRICT_OBJC_MSGSEND = YES;
				GCC_C_LANGUAGE_STANDARD = gnu11;
				GCC_NO_COMMON_BLOCKS = YES;
				GCC_WARN_64_TO_32_BIT_CONVERSION = YES;
				GCC_WARN_ABOUT_RETURN_TYPE = YES_ERROR;
				GCC_WARN_UNDECLARED_SELECTOR = YES;
				GCC_WARN_UNINITIALIZED_AUTOS = YES_AGGRESSIVE;
				GCC_WARN_UNUSED_FUNCTION = YES;
				GCC_WARN_UNUSED_VARIABLE = YES;
				IPHONEOS_DEPLOYMENT_TARGET = 14.5;
				MTL_ENABLE_DEBUG_INFO = NO;
				MTL_FAST_MATH = YES;
				SDKROOT = iphoneos;
				SWIFT_COMPILATION_MODE = wholemodule;
				SWIFT_OPTIMIZATION_LEVEL = "-O";
				VALIDATE_PRODUCT = YES;
			};
			name = Release;
		};
		B4B9CCEC274141BC0022BEB4 /* Debug */ = {
			isa = XCBuildConfiguration;
			buildSettings = {
				ASSETCATALOG_COMPILER_APPICON_NAME = AppIcon;
				ASSETCATALOG_COMPILER_GLOBAL_ACCENT_COLOR_NAME = AccentColor;
				CODE_SIGN_STYLE = Automatic;
				DEVELOPMENT_ASSET_PATHS = "\"PhotosApp/Preview Content\"";
				DEVELOPMENT_TEAM = 6CJ98NSPAD;
				ENABLE_PREVIEWS = YES;
				INFOPLIST_FILE = PhotosApp/Info.plist;
				IPHONEOS_DEPLOYMENT_TARGET = 14.0;
				LD_RUNPATH_SEARCH_PATHS = (
					"$(inherited)",
					"@executable_path/Frameworks",
				);
				PRODUCT_BUNDLE_IDENTIFIER = com.macmartins.PhotosApp;
				PRODUCT_NAME = "$(TARGET_NAME)";
				SWIFT_VERSION = 5.0;
				TARGETED_DEVICE_FAMILY = "1,2";
			};
			name = Debug;
		};
		B4B9CCED274141BC0022BEB4 /* Release */ = {
			isa = XCBuildConfiguration;
			buildSettings = {
				ASSETCATALOG_COMPILER_APPICON_NAME = AppIcon;
				ASSETCATALOG_COMPILER_GLOBAL_ACCENT_COLOR_NAME = AccentColor;
				CODE_SIGN_STYLE = Automatic;
				DEVELOPMENT_ASSET_PATHS = "\"PhotosApp/Preview Content\"";
				DEVELOPMENT_TEAM = 6CJ98NSPAD;
				ENABLE_PREVIEWS = YES;
				INFOPLIST_FILE = PhotosApp/Info.plist;
				IPHONEOS_DEPLOYMENT_TARGET = 14.0;
				LD_RUNPATH_SEARCH_PATHS = (
					"$(inherited)",
					"@executable_path/Frameworks",
				);
				PRODUCT_BUNDLE_IDENTIFIER = com.macmartins.PhotosApp;
				PRODUCT_NAME = "$(TARGET_NAME)";
				SWIFT_VERSION = 5.0;
				TARGETED_DEVICE_FAMILY = "1,2";
			};
			name = Release;
		};
/* End XCBuildConfiguration section */

/* Begin XCConfigurationList section */
		B4B9CCD7274141B90022BEB4 /* Build configuration list for PBXProject "PhotosApp" */ = {
			isa = XCConfigurationList;
			buildConfigurations = (
				B4B9CCE9274141BC0022BEB4 /* Debug */,
				B4B9CCEA274141BC0022BEB4 /* Release */,
			);
			defaultConfigurationIsVisible = 0;
			defaultConfigurationName = Release;
		};
		B4B9CCEB274141BC0022BEB4 /* Build configuration list for PBXNativeTarget "PhotosApp" */ = {
			isa = XCConfigurationList;
			buildConfigurations = (
				B4B9CCEC274141BC0022BEB4 /* Debug */,
				B4B9CCED274141BC0022BEB4 /* Release */,
			);
			defaultConfigurationIsVisible = 0;
			defaultConfigurationName = Release;
		};
/* End XCConfigurationList section */

/* Begin XCRemoteSwiftPackageReference section */
		B43B6E80274228B200A1007E /* XCRemoteSwiftPackageReference "realm-cocoa" */ = {
			isa = XCRemoteSwiftPackageReference;
			repositoryURL = "https://github.com/realm/realm-cocoa.git";
			requirement = {
				kind = upToNextMajorVersion;
				minimumVersion = 10.19.0;
			};
		};
		B4B9CD152741E4990022BEB4 /* XCRemoteSwiftPackageReference "SDWebImageSwiftUI" */ = {
			isa = XCRemoteSwiftPackageReference;
			repositoryURL = "https://github.com/SDWebImage/SDWebImageSwiftUI.git";
			requirement = {
				kind = upToNextMajorVersion;
				minimumVersion = 2.0.2;
			};
		};
/* End XCRemoteSwiftPackageReference section */

/* Begin XCSwiftPackageProductDependency section */
		B43B6E81274228B200A1007E /* Realm */ = {
			isa = XCSwiftPackageProductDependency;
			package = B43B6E80274228B200A1007E /* XCRemoteSwiftPackageReference "realm-cocoa" */;
			productName = Realm;
		};
		B43B6E83274228B200A1007E /* RealmSwift */ = {
			isa = XCSwiftPackageProductDependency;
			package = B43B6E80274228B200A1007E /* XCRemoteSwiftPackageReference "realm-cocoa" */;
			productName = RealmSwift;
		};
		B4B9CD162741E4990022BEB4 /* SDWebImageSwiftUI */ = {
			isa = XCSwiftPackageProductDependency;
			package = B4B9CD152741E4990022BEB4 /* XCRemoteSwiftPackageReference "SDWebImageSwiftUI" */;
			productName = SDWebImageSwiftUI;
		};
/* End XCSwiftPackageProductDependency section */
	};
	rootObject = B4B9CCD4274141B90022BEB4 /* Project object */;
}
